// !$*UTF8*$!
{
	archiveVersion = 1;
	classes = {
	};
	objectVersion = 46;
	objects = {

/* Begin PBXBuildFile section */
		1068AEC51CCF28B700A66019 /* TableViewTextField.m in Sources */ = {isa = PBXBuildFile; fileRef = 1068AEBE1CCF28B700A66019 /* TableViewTextField.m */; settings = {ASSET_TAGS = (); }; };
		1068AEC61CCF28B700A66019 /* NumberPadTextfield.m in Sources */ = {isa = PBXBuildFile; fileRef = 1068AEC01CCF28B700A66019 /* NumberPadTextfield.m */; settings = {ASSET_TAGS = (); }; };
		1068AEC71CCF28B700A66019 /* DatePickerTextField.m in Sources */ = {isa = PBXBuildFile; fileRef = 1068AEC21CCF28B700A66019 /* DatePickerTextField.m */; settings = {ASSET_TAGS = (); }; };
		1068AEC81CCF28B700A66019 /* TimePickerTextField.m in Sources */ = {isa = PBXBuildFile; fileRef = 1068AEC41CCF28B700A66019 /* TimePickerTextField.m */; settings = {ASSET_TAGS = (); }; };
		1068AECC1CCF28DC00A66019 /* LeoCallbackAlertView.m in Sources */ = {isa = PBXBuildFile; fileRef = 1068AECB1CCF28DC00A66019 /* LeoCallbackAlertView.m */; settings = {ASSET_TAGS = (); }; };
		1068AED01CCF290600A66019 /* LeoKitHttp.m in Sources */ = {isa = PBXBuildFile; fileRef = 1068AECF1CCF290600A66019 /* LeoKitHttp.m */; settings = {ASSET_TAGS = (); }; };
		1068AED41CCF292C00A66019 /* ScrollViewImages.m in Sources */ = {isa = PBXBuildFile; fileRef = 1068AED31CCF292C00A66019 /* ScrollViewImages.m */; settings = {ASSET_TAGS = (); }; };
		1068AED81CCF294D00A66019 /* UISinglePhotButton.m in Sources */ = {isa = PBXBuildFile; fileRef = 1068AED71CCF294D00A66019 /* UISinglePhotButton.m */; settings = {ASSET_TAGS = (); }; };
		1068AEDC1CCF2BFB00A66019 /* ImageViewAsincLoader.m in Sources */ = {isa = PBXBuildFile; fileRef = 1068AEDB1CCF2BFB00A66019 /* ImageViewAsincLoader.m */; settings = {ASSET_TAGS = (); }; };
		1068AEDF1CCF2C9900A66019 /* Reachability.m in Sources */ = {isa = PBXBuildFile; fileRef = 1068AEDE1CCF2C9900A66019 /* Reachability.m */; settings = {ASSET_TAGS = (); }; };
		10F551EA1CB6400C00945DA0 /* main.m in Sources */ = {isa = PBXBuildFile; fileRef = 10F551E91CB6400C00945DA0 /* main.m */; };
		10F551ED1CB6400C00945DA0 /* AppDelegate.m in Sources */ = {isa = PBXBuildFile; fileRef = 10F551EC1CB6400C00945DA0 /* AppDelegate.m */; };
		10F551F01CB6400C00945DA0 /* ViewController.m in Sources */ = {isa = PBXBuildFile; fileRef = 10F551EF1CB6400C00945DA0 /* ViewController.m */; };
		10F551F31CB6400C00945DA0 /* Main.storyboard in Resources */ = {isa = PBXBuildFile; fileRef = 10F551F11CB6400C00945DA0 /* Main.storyboard */; };
		10F551F61CB6400C00945DA0 /* Basic.xcdatamodeld in Sources */ = {isa = PBXBuildFile; fileRef = 10F551F41CB6400C00945DA0 /* Basic.xcdatamodeld */; };
		10F551F81CB6400C00945DA0 /* Assets.xcassets in Resources */ = {isa = PBXBuildFile; fileRef = 10F551F71CB6400C00945DA0 /* Assets.xcassets */; };
		10F551FB1CB6400C00945DA0 /* LaunchScreen.storyboard in Resources */ = {isa = PBXBuildFile; fileRef = 10F551F91CB6400C00945DA0 /* LaunchScreen.storyboard */; };
		10F552321CB6407100945DA0 /* TPKeyboardAvoidingCollectionView.m in Sources */ = {isa = PBXBuildFile; fileRef = 10F552111CB6407100945DA0 /* TPKeyboardAvoidingCollectionView.m */; settings = {ASSET_TAGS = (); }; };
		10F552331CB6407100945DA0 /* TPKeyboardAvoidingScrollView.m in Sources */ = {isa = PBXBuildFile; fileRef = 10F552131CB6407100945DA0 /* TPKeyboardAvoidingScrollView.m */; settings = {ASSET_TAGS = (); }; };
		10F552341CB6407100945DA0 /* TPKeyboardAvoidingTableView.m in Sources */ = {isa = PBXBuildFile; fileRef = 10F552151CB6407100945DA0 /* TPKeyboardAvoidingTableView.m */; settings = {ASSET_TAGS = (); }; };
		10F552351CB6407100945DA0 /* UIScrollView+TPKeyboardAvoidingAdditions.m in Sources */ = {isa = PBXBuildFile; fileRef = 10F552171CB6407100945DA0 /* UIScrollView+TPKeyboardAvoidingAdditions.m */; settings = {ASSET_TAGS = (); }; };
/* End PBXBuildFile section */

/* Begin PBXFileReference section */
		1068AEBD1CCF28B700A66019 /* TableViewTextField.h */ = {isa = PBXFileReference; fileEncoding = 4; lastKnownFileType = sourcecode.c.h; path = TableViewTextField.h; sourceTree = "<group>"; };
		1068AEBE1CCF28B700A66019 /* TableViewTextField.m */ = {isa = PBXFileReference; fileEncoding = 4; lastKnownFileType = sourcecode.c.objc; path = TableViewTextField.m; sourceTree = "<group>"; };
		1068AEBF1CCF28B700A66019 /* NumberPadTextfield.h */ = {isa = PBXFileReference; fileEncoding = 4; lastKnownFileType = sourcecode.c.h; path = NumberPadTextfield.h; sourceTree = "<group>"; };
		1068AEC01CCF28B700A66019 /* NumberPadTextfield.m */ = {isa = PBXFileReference; fileEncoding = 4; lastKnownFileType = sourcecode.c.objc; path = NumberPadTextfield.m; sourceTree = "<group>"; };
		1068AEC11CCF28B700A66019 /* DatePickerTextField.h */ = {isa = PBXFileReference; fileEncoding = 4; lastKnownFileType = sourcecode.c.h; path = DatePickerTextField.h; sourceTree = "<group>"; };
		1068AEC21CCF28B700A66019 /* DatePickerTextField.m */ = {isa = PBXFileReference; fileEncoding = 4; lastKnownFileType = sourcecode.c.objc; path = DatePickerTextField.m; sourceTree = "<group>"; };
		1068AEC31CCF28B700A66019 /* TimePickerTextField.h */ = {isa = PBXFileReference; fileEncoding = 4; lastKnownFileType = sourcecode.c.h; path = TimePickerTextField.h; sourceTree = "<group>"; };
		1068AEC41CCF28B700A66019 /* TimePickerTextField.m */ = {isa = PBXFileReference; fileEncoding = 4; lastKnownFileType = sourcecode.c.objc; path = TimePickerTextField.m; sourceTree = "<group>"; };
		1068AECA1CCF28DC00A66019 /* LeoCallbackAlertView.h */ = {isa = PBXFileReference; fileEncoding = 4; lastKnownFileType = sourcecode.c.h; path = LeoCallbackAlertView.h; sourceTree = "<group>"; };
		1068AECB1CCF28DC00A66019 /* LeoCallbackAlertView.m */ = {isa = PBXFileReference; fileEncoding = 4; lastKnownFileType = sourcecode.c.objc; path = LeoCallbackAlertView.m; sourceTree = "<group>"; };
		1068AECE1CCF290600A66019 /* LeoKitHttp.h */ = {isa = PBXFileReference; fileEncoding = 4; lastKnownFileType = sourcecode.c.h; path = LeoKitHttp.h; sourceTree = "<group>"; };
		1068AECF1CCF290600A66019 /* LeoKitHttp.m */ = {isa = PBXFileReference; fileEncoding = 4; lastKnownFileType = sourcecode.c.objc; path = LeoKitHttp.m; sourceTree = "<group>"; };
		1068AED21CCF292C00A66019 /* ScrollViewImages.h */ = {isa = PBXFileReference; fileEncoding = 4; lastKnownFileType = sourcecode.c.h; path = ScrollViewImages.h; sourceTree = "<group>"; };
		1068AED31CCF292C00A66019 /* ScrollViewImages.m */ = {isa = PBXFileReference; fileEncoding = 4; lastKnownFileType = sourcecode.c.objc; path = ScrollViewImages.m; sourceTree = "<group>"; };
		1068AED61CCF294D00A66019 /* UISinglePhotButton.h */ = {isa = PBXFileReference; fileEncoding = 4; lastKnownFileType = sourcecode.c.h; path = UISinglePhotButton.h; sourceTree = "<group>"; };
		1068AED71CCF294D00A66019 /* UISinglePhotButton.m */ = {isa = PBXFileReference; fileEncoding = 4; lastKnownFileType = sourcecode.c.objc; path = UISinglePhotButton.m; sourceTree = "<group>"; };
		1068AED91CCF2BA700A66019 /* LeoKit.h */ = {isa = PBXFileReference; lastKnownFileType = sourcecode.c.h; path = LeoKit.h; sourceTree = "<group>"; };
		1068AEDA1CCF2BFB00A66019 /* ImageViewAsincLoader.h */ = {isa = PBXFileReference; fileEncoding = 4; lastKnownFileType = sourcecode.c.h; path = ImageViewAsincLoader.h; sourceTree = "<group>"; };
		1068AEDB1CCF2BFB00A66019 /* ImageViewAsincLoader.m */ = {isa = PBXFileReference; fileEncoding = 4; lastKnownFileType = sourcecode.c.objc; path = ImageViewAsincLoader.m; sourceTree = "<group>"; };
		1068AEDD1CCF2C9900A66019 /* Reachability.h */ = {isa = PBXFileReference; fileEncoding = 4; lastKnownFileType = sourcecode.c.h; path = Reachability.h; sourceTree = "<group>"; };
		1068AEDE1CCF2C9900A66019 /* Reachability.m */ = {isa = PBXFileReference; fileEncoding = 4; lastKnownFileType = sourcecode.c.objc; path = Reachability.m; sourceTree = "<group>"; };
		10F551E51CB6400C00945DA0 /* Basic.app */ = {isa = PBXFileReference; explicitFileType = wrapper.application; includeInIndex = 0; path = Basic.app; sourceTree = BUILT_PRODUCTS_DIR; };
		10F551E91CB6400C00945DA0 /* main.m */ = {isa = PBXFileReference; lastKnownFileType = sourcecode.c.objc; path = main.m; sourceTree = "<group>"; };
		10F551EB1CB6400C00945DA0 /* AppDelegate.h */ = {isa = PBXFileReference; lastKnownFileType = sourcecode.c.h; path = AppDelegate.h; sourceTree = "<group>"; };
		10F551EC1CB6400C00945DA0 /* AppDelegate.m */ = {isa = PBXFileReference; lastKnownFileType = sourcecode.c.objc; path = AppDelegate.m; sourceTree = "<group>"; };
		10F551EE1CB6400C00945DA0 /* ViewController.h */ = {isa = PBXFileReference; lastKnownFileType = sourcecode.c.h; path = ViewController.h; sourceTree = "<group>"; };
		10F551EF1CB6400C00945DA0 /* ViewController.m */ = {isa = PBXFileReference; lastKnownFileType = sourcecode.c.objc; path = ViewController.m; sourceTree = "<group>"; };
		10F551F21CB6400C00945DA0 /* Base */ = {isa = PBXFileReference; lastKnownFileType = file.storyboard; name = Base; path = Base.lproj/Main.storyboard; sourceTree = "<group>"; };
		10F551F51CB6400C00945DA0 /* Basic.xcdatamodel */ = {isa = PBXFileReference; lastKnownFileType = wrapper.xcdatamodel; path = Basic.xcdatamodel; sourceTree = "<group>"; };
		10F551F71CB6400C00945DA0 /* Assets.xcassets */ = {isa = PBXFileReference; lastKnownFileType = folder.assetcatalog; path = Assets.xcassets; sourceTree = "<group>"; };
		10F551FA1CB6400C00945DA0 /* Base */ = {isa = PBXFileReference; lastKnownFileType = file.storyboard; name = Base; path = Base.lproj/LaunchScreen.storyboard; sourceTree = "<group>"; };
		10F551FC1CB6400C00945DA0 /* Info.plist */ = {isa = PBXFileReference; lastKnownFileType = text.plist.xml; path = Info.plist; sourceTree = "<group>"; };
		10F552101CB6407100945DA0 /* TPKeyboardAvoidingCollectionView.h */ = {isa = PBXFileReference; fileEncoding = 4; lastKnownFileType = sourcecode.c.h; path = TPKeyboardAvoidingCollectionView.h; sourceTree = "<group>"; };
		10F552111CB6407100945DA0 /* TPKeyboardAvoidingCollectionView.m */ = {isa = PBXFileReference; fileEncoding = 4; lastKnownFileType = sourcecode.c.objc; path = TPKeyboardAvoidingCollectionView.m; sourceTree = "<group>"; };
		10F552121CB6407100945DA0 /* TPKeyboardAvoidingScrollView.h */ = {isa = PBXFileReference; fileEncoding = 4; lastKnownFileType = sourcecode.c.h; path = TPKeyboardAvoidingScrollView.h; sourceTree = "<group>"; };
		10F552131CB6407100945DA0 /* TPKeyboardAvoidingScrollView.m */ = {isa = PBXFileReference; fileEncoding = 4; lastKnownFileType = sourcecode.c.objc; path = TPKeyboardAvoidingScrollView.m; sourceTree = "<group>"; };
		10F552141CB6407100945DA0 /* TPKeyboardAvoidingTableView.h */ = {isa = PBXFileReference; fileEncoding = 4; lastKnownFileType = sourcecode.c.h; path = TPKeyboardAvoidingTableView.h; sourceTree = "<group>"; };
		10F552151CB6407100945DA0 /* TPKeyboardAvoidingTableView.m */ = {isa = PBXFileReference; fileEncoding = 4; lastKnownFileType = sourcecode.c.objc; path = TPKeyboardAvoidingTableView.m; sourceTree = "<group>"; };
		10F552161CB6407100945DA0 /* UIScrollView+TPKeyboardAvoidingAdditions.h */ = {isa = PBXFileReference; fileEncoding = 4; lastKnownFileType = sourcecode.c.h; path = "UIScrollView+TPKeyboardAvoidingAdditions.h"; sourceTree = "<group>"; };
		10F552171CB6407100945DA0 /* UIScrollView+TPKeyboardAvoidingAdditions.m */ = {isa = PBXFileReference; fileEncoding = 4; lastKnownFileType = sourcecode.c.objc; path = "UIScrollView+TPKeyboardAvoidingAdditions.m"; sourceTree = "<group>"; };
/* End PBXFileReference section */

/* Begin PBXFrameworksBuildPhase section */
		10F551E21CB6400C00945DA0 /* Frameworks */ = {
			isa = PBXFrameworksBuildPhase;
			buildActionMask = 2147483647;
			files = (
			);
			runOnlyForDeploymentPostprocessing = 0;
		};
/* End PBXFrameworksBuildPhase section */

/* Begin PBXGroup section */
		1068AEBB1CCF288700A66019 /* Resourses */ = {
			isa = PBXGroup;
			children = (
				1068AED51CCF293800A66019 /* PhotoButto */,
				1068AED11CCF291C00A66019 /* scrollViewImages */,
				1068AEE01CCF2D5500A66019 /* Reachability */,
				1068AECD1CCF28FB00A66019 /* Http */,
				1068AEC91CCF28CA00A66019 /* AlertView */,
				1068AEBC1CCF289100A66019 /* TextFiled */,
				1068AED91CCF2BA700A66019 /* LeoKit.h */,
			);
			name = Resourses;
			sourceTree = "<group>";
		};
		1068AEBC1CCF289100A66019 /* TextFiled */ = {
			isa = PBXGroup;
			children = (
				1068AEBD1CCF28B700A66019 /* TableViewTextField.h */,
				1068AEBE1CCF28B700A66019 /* TableViewTextField.m */,
				1068AEBF1CCF28B700A66019 /* NumberPadTextfield.h */,
				1068AEC01CCF28B700A66019 /* NumberPadTextfield.m */,
				1068AEC11CCF28B700A66019 /* DatePickerTextField.h */,
				1068AEC21CCF28B700A66019 /* DatePickerTextField.m */,
				1068AEC31CCF28B700A66019 /* TimePickerTextField.h */,
				1068AEC41CCF28B700A66019 /* TimePickerTextField.m */,
			);
			name = TextFiled;
			sourceTree = "<group>";
		};
		1068AEC91CCF28CA00A66019 /* AlertView */ = {
			isa = PBXGroup;
			children = (
				1068AECA1CCF28DC00A66019 /* LeoCallbackAlertView.h */,
				1068AECB1CCF28DC00A66019 /* LeoCallbackAlertView.m */,
			);
			name = AlertView;
			sourceTree = "<group>";
		};
		1068AECD1CCF28FB00A66019 /* Http */ = {
			isa = PBXGroup;
			children = (
				1068AECE1CCF290600A66019 /* LeoKitHttp.h */,
				1068AECF1CCF290600A66019 /* LeoKitHttp.m */,
			);
			name = Http;
			sourceTree = "<group>";
		};
		1068AED11CCF291C00A66019 /* scrollViewImages */ = {
			isa = PBXGroup;
			children = (
				1068AED21CCF292C00A66019 /* ScrollViewImages.h */,
				1068AED31CCF292C00A66019 /* ScrollViewImages.m */,
				1068AEDA1CCF2BFB00A66019 /* ImageViewAsincLoader.h */,
				1068AEDB1CCF2BFB00A66019 /* ImageViewAsincLoader.m */,
			);
			name = scrollViewImages;
			sourceTree = "<group>";
		};
		1068AED51CCF293800A66019 /* PhotoButto */ = {
			isa = PBXGroup;
			children = (
				1068AED61CCF294D00A66019 /* UISinglePhotButton.h */,
				1068AED71CCF294D00A66019 /* UISinglePhotButton.m */,
			);
			name = PhotoButto;
			sourceTree = "<group>";
		};
		1068AEE01CCF2D5500A66019 /* Reachability */ = {
			isa = PBXGroup;
			children = (
				1068AEDD1CCF2C9900A66019 /* Reachability.h */,
				1068AEDE1CCF2C9900A66019 /* Reachability.m */,
			);
			name = Reachability;
			sourceTree = "<group>";
		};
		10F551DC1CB6400C00945DA0 = {
			isa = PBXGroup;
			children = (
				10F551E71CB6400C00945DA0 /* Basic */,
				10F551E61CB6400C00945DA0 /* Products */,
			);
			sourceTree = "<group>";
		};
		10F551E61CB6400C00945DA0 /* Products */ = {
			isa = PBXGroup;
			children = (
				10F551E51CB6400C00945DA0 /* Basic.app */,
			);
			name = Products;
			sourceTree = "<group>";
		};
		10F551E71CB6400C00945DA0 /* Basic */ = {
			isa = PBXGroup;
			children = (
				10F551EB1CB6400C00945DA0 /* AppDelegate.h */,
				10F551EC1CB6400C00945DA0 /* AppDelegate.m */,
				10F551EE1CB6400C00945DA0 /* ViewController.h */,
				10F551EF1CB6400C00945DA0 /* ViewController.m */,
				1068AEBB1CCF288700A66019 /* Resourses */,
				10F552021CB6407100945DA0 /* JSON */,
				10F552051CB6407100945DA0 /* MBProgressiveHuc */,
				10F552091CB6407100945DA0 /* VJHTTP */,
				10F5520C1CB6407100945DA0 /* ImageLoader */,
				10F5520F1CB6407100945DA0 /* Reachability */,
				10F552181CB6407100945DA0 /* TPKeyboardAvoiding */,
				10F551F11CB6400C00945DA0 /* Main.storyboard */,
				10F551F71CB6400C00945DA0 /* Assets.xcassets */,
				10F551F91CB6400C00945DA0 /* LaunchScreen.storyboard */,
				10F551FC1CB6400C00945DA0 /* Info.plist */,
				10F551F41CB6400C00945DA0 /* Basic.xcdatamodeld */,
				10F551E81CB6400C00945DA0 /* Supporting Files */,
			);
			path = Basic;
			sourceTree = "<group>";
		};
		10F551E81CB6400C00945DA0 /* Supporting Files */ = {
			isa = PBXGroup;
			children = (
				10F551E91CB6400C00945DA0 /* main.m */,
			);
			name = "Supporting Files";
			sourceTree = "<group>";
		};
		10F552021CB6407100945DA0 /* JSON */ = {
			isa = PBXGroup;
			children = (
			);
			name = JSON;
			path = "../../../../../../GitBlit/Liberty/Liberty/Custom Cells";
			sourceTree = "<group>";
		};
		10F552051CB6407100945DA0 /* MBProgressiveHuc */ = {
			isa = PBXGroup;
			children = (
			);
			name = MBProgressiveHuc;
			path = "../../../../../../GitBlit/Liberty/Liberty/Custom Cells";
			sourceTree = "<group>";
		};
		10F552091CB6407100945DA0 /* VJHTTP */ = {
			isa = PBXGroup;
			children = (
			);
			name = VJHTTP;
			path = "../../../../../../GitBlit/Liberty/Liberty/Custom Cells";
			sourceTree = "<group>";
		};
		10F5520C1CB6407100945DA0 /* ImageLoader */ = {
			isa = PBXGroup;
			children = (
			);
			name = ImageLoader;
			path = "../../../../../../GitBlit/Liberty/Liberty/Custom Cells";
			sourceTree = "<group>";
		};
		10F5520F1CB6407100945DA0 /* Reachability */ = {
			isa = PBXGroup;
			children = (
			);
			name = Reachability;
			path = "../../../../../../GitBlit/Liberty/Liberty/Custom Cells";
			sourceTree = "<group>";
		};
		10F552181CB6407100945DA0 /* TPKeyboardAvoiding */ = {
			isa = PBXGroup;
			children = (
				10F552101CB6407100945DA0 /* TPKeyboardAvoidingCollectionView.h */,
				10F552111CB6407100945DA0 /* TPKeyboardAvoidingCollectionView.m */,
				10F552121CB6407100945DA0 /* TPKeyboardAvoidingScrollView.h */,
				10F552131CB6407100945DA0 /* TPKeyboardAvoidingScrollView.m */,
				10F552141CB6407100945DA0 /* TPKeyboardAvoidingTableView.h */,
				10F552151CB6407100945DA0 /* TPKeyboardAvoidingTableView.m */,
				10F552161CB6407100945DA0 /* UIScrollView+TPKeyboardAvoidingAdditions.h */,
				10F552171CB6407100945DA0 /* UIScrollView+TPKeyboardAvoidingAdditions.m */,
			);
			name = TPKeyboardAvoiding;
			path = "/Volumes/Disk_2/GitBlit/Liberty/Liberty/Custom Cells/../Support/TPKeyboardAvoiding";
			sourceTree = "<absolute>";
		};
/* End PBXGroup section */

/* Begin PBXNativeTarget section */
		10F551E41CB6400C00945DA0 /* Basic */ = {
			isa = PBXNativeTarget;
			buildConfigurationList = 10F551FF1CB6400C00945DA0 /* Build configuration list for PBXNativeTarget "Basic" */;
			buildPhases = (
				10F551E11CB6400C00945DA0 /* Sources */,
				10F551E21CB6400C00945DA0 /* Frameworks */,
				10F551E31CB6400C00945DA0 /* Resources */,
			);
			buildRules = (
			);
			dependencies = (
			);
			name = Basic;
			productName = Basic;
			productReference = 10F551E51CB6400C00945DA0 /* Basic.app */;
			productType = "com.apple.product-type.application";
		};
/* End PBXNativeTarget section */

/* Begin PBXProject section */
		10F551DD1CB6400C00945DA0 /* Project object */ = {
			isa = PBXProject;
			attributes = {
				LastUpgradeCheck = 0700;
				ORGANIZATIONNAME = OSX;
				TargetAttributes = {
					10F551E41CB6400C00945DA0 = {
						CreatedOnToolsVersion = 7.0.1;
					};
				};
			};
			buildConfigurationList = 10F551E01CB6400C00945DA0 /* Build configuration list for PBXProject "Basic" */;
			compatibilityVersion = "Xcode 3.2";
			developmentRegion = English;
			hasScannedForEncodings = 0;
			knownRegions = (
				en,
				Base,
			);
			mainGroup = 10F551DC1CB6400C00945DA0;
			productRefGroup = 10F551E61CB6400C00945DA0 /* Products */;
			projectDirPath = "";
			projectRoot = "";
			targets = (
				10F551E41CB6400C00945DA0 /* Basic */,
			);
		};
/* End PBXProject section */

/* Begin PBXResourcesBuildPhase section */
		10F551E31CB6400C00945DA0 /* Resources */ = {
			isa = PBXResourcesBuildPhase;
			buildActionMask = 2147483647;
			files = (
				10F551FB1CB6400C00945DA0 /* LaunchScreen.storyboard in Resources */,
				10F551F81CB6400C00945DA0 /* Assets.xcassets in Resources */,
				10F551F31CB6400C00945DA0 /* Main.storyboard in Resources */,
			);
			runOnlyForDeploymentPostprocessing = 0;
		};
/* End PBXResourcesBuildPhase section */

/* Begin PBXSourcesBuildPhase section */
		10F551E11CB6400C00945DA0 /* Sources */ = {
			isa = PBXSourcesBuildPhase;
			buildActionMask = 2147483647;
			files = (
				10F551F61CB6400C00945DA0 /* Basic.xcdatamodeld in Sources */,
				10F552351CB6407100945DA0 /* UIScrollView+TPKeyboardAvoidingAdditions.m in Sources */,
				10F552331CB6407100945DA0 /* TPKeyboardAvoidingScrollView.m in Sources */,
				1068AED01CCF290600A66019 /* LeoKitHttp.m in Sources */,
				10F552321CB6407100945DA0 /* TPKeyboardAvoidingCollectionView.m in Sources */,
				1068AEC71CCF28B700A66019 /* DatePickerTextField.m in Sources */,
				1068AED81CCF294D00A66019 /* UISinglePhotButton.m in Sources */,
				1068AEC61CCF28B700A66019 /* NumberPadTextfield.m in Sources */,
				1068AED41CCF292C00A66019 /* ScrollViewImages.m in Sources */,
				1068AEC81CCF28B700A66019 /* TimePickerTextField.m in Sources */,
				1068AEC51CCF28B700A66019 /* TableViewTextField.m in Sources */,
				10F551F01CB6400C00945DA0 /* ViewController.m in Sources */,
				10F552341CB6407100945DA0 /* TPKeyboardAvoidingTableView.m in Sources */,
				1068AECC1CCF28DC00A66019 /* LeoCallbackAlertView.m in Sources */,
				10F551ED1CB6400C00945DA0 /* AppDelegate.m in Sources */,
				10F551EA1CB6400C00945DA0 /* main.m in Sources */,
				1068AEDF1CCF2C9900A66019 /* Reachability.m in Sources */,
				1068AEDC1CCF2BFB00A66019 /* ImageViewAsincLoader.m in Sources */,
			);
			runOnlyForDeploymentPostprocessing = 0;
		};
/* End PBXSourcesBuildPhase section */

/* Begin PBXVariantGroup section */
		10F551F11CB6400C00945DA0 /* Main.storyboard */ = {
			isa = PBXVariantGroup;
			children = (
				10F551F21CB6400C00945DA0 /* Base */,
			);
			name = Main.storyboard;
			sourceTree = "<group>";
		};
		10F551F91CB6400C00945DA0 /* LaunchScreen.storyboard */ = {
			isa = PBXVariantGroup;
			children = (
				10F551FA1CB6400C00945DA0 /* Base */,
			);
			name = LaunchScreen.storyboard;
			sourceTree = "<group>";
		};
/* End PBXVariantGroup section */

/* Begin XCBuildConfiguration section */
		10F551FD1CB6400C00945DA0 /* Debug */ = {
			isa = XCBuildConfiguration;
			buildSettings = {
				ALWAYS_SEARCH_USER_PATHS = NO;
				CLANG_CXX_LANGUAGE_STANDARD = "gnu++0x";
				CLANG_CXX_LIBRARY = "libc++";
				CLANG_ENABLE_MODULES = YES;
				CLANG_ENABLE_OBJC_ARC = YES;
				CLANG_WARN_BOOL_CONVERSION = YES;
				CLANG_WARN_CONSTANT_CONVERSION = YES;
				CLANG_WARN_DIRECT_OBJC_ISA_USAGE = YES_ERROR;
				CLANG_WARN_EMPTY_BODY = YES;
				CLANG_WARN_ENUM_CONVERSION = YES;
				CLANG_WARN_INT_CONVERSION = YES;
				CLANG_WARN_OBJC_ROOT_CLASS = YES_ERROR;
				CLANG_WARN_UNREACHABLE_CODE = YES;
				CLANG_WARN__DUPLICATE_METHOD_MATCH = YES;
				"CODE_SIGN_IDENTITY[sdk=iphoneos*]" = "iPhone Developer";
				COPY_PHASE_STRIP = NO;
				DEBUG_INFORMATION_FORMAT = dwarf;
				ENABLE_STRICT_OBJC_MSGSEND = YES;
				ENABLE_TESTABILITY = YES;
				GCC_C_LANGUAGE_STANDARD = gnu99;
				GCC_DYNAMIC_NO_PIC = NO;
				GCC_NO_COMMON_BLOCKS = YES;
				GCC_OPTIMIZATION_LEVEL = 0;
				GCC_PREPROCESSOR_DEFINITIONS = (
					"DEBUG=1",
					"$(inherited)",
				);
				GCC_WARN_64_TO_32_BIT_CONVERSION = YES;
				GCC_WARN_ABOUT_RETURN_TYPE = YES_ERROR;
				GCC_WARN_UNDECLARED_SELECTOR = YES;
				GCC_WARN_UNINITIALIZED_AUTOS = YES_AGGRESSIVE;
				GCC_WARN_UNUSED_FUNCTION = YES;
				GCC_WARN_UNUSED_VARIABLE = YES;
				IPHONEOS_DEPLOYMENT_TARGET = 9.0;
				MTL_ENABLE_DEBUG_INFO = YES;
				ONLY_ACTIVE_ARCH = YES;
				SDKROOT = iphoneos;
			};
			name = Debug;
		};
		10F551FE1CB6400C00945DA0 /* Release */ = {
			isa = XCBuildConfiguration;
			buildSettings = {
				ALWAYS_SEARCH_USER_PATHS = NO;
				CLANG_CXX_LANGUAGE_STANDARD = "gnu++0x";
				CLANG_CXX_LIBRARY = "libc++";
				CLANG_ENABLE_MODULES = YES;
				CLANG_ENABLE_OBJC_ARC = YES;
				CLANG_WARN_BOOL_CONVERSION = YES;
				CLANG_WARN_CONSTANT_CONVERSION = YES;
				CLANG_WARN_DIRECT_OBJC_ISA_USAGE = YES_ERROR;
				CLANG_WARN_EMPTY_BODY = YES;
				CLANG_WARN_ENUM_CONVERSION = YES;
				CLANG_WARN_INT_CONVERSION = YES;
				CLANG_WARN_OBJC_ROOT_CLASS = YES_ERROR;
				CLANG_WARN_UNREACHABLE_CODE = YES;
				CLANG_WARN__DUPLICATE_METHOD_MATCH = YES;
				"CODE_SIGN_IDENTITY[sdk=iphoneos*]" = "iPhone Developer";
				COPY_PHASE_STRIP = NO;
				DEBUG_INFORMATION_FORMAT = "dwarf-with-dsym";
				ENABLE_NS_ASSERTIONS = NO;
				ENABLE_STRICT_OBJC_MSGSEND = YES;
				GCC_C_LANGUAGE_STANDARD = gnu99;
				GCC_NO_COMMON_BLOCKS = YES;
				GCC_WARN_64_TO_32_BIT_CONVERSION = YES;
				GCC_WARN_ABOUT_RETURN_TYPE = YES_ERROR;
				GCC_WARN_UNDECLARED_SELECTOR = YES;
				GCC_WARN_UNINITIALIZED_AUTOS = YES_AGGRESSIVE;
				GCC_WARN_UNUSED_FUNCTION = YES;
				GCC_WARN_UNUSED_VARIABLE = YES;
				IPHONEOS_DEPLOYMENT_TARGET = 9.0;
				MTL_ENABLE_DEBUG_INFO = NO;
				SDKROOT = iphoneos;
				VALIDATE_PRODUCT = YES;
			};
			name = Release;
		};
		10F552001CB6400C00945DA0 /* Debug */ = {
			isa = XCBuildConfiguration;
			buildSettings = {
				ASSETCATALOG_COMPILER_APPICON_NAME = AppIcon;
				INFOPLIST_FILE = Basic/Info.plist;
				LD_RUNPATH_SEARCH_PATHS = "$(inherited) @executable_path/Frameworks";
				PRODUCT_BUNDLE_IDENTIFIER = e.Basic;
				PRODUCT_NAME = "$(TARGET_NAME)";
			};
			name = Debug;
		};
		10F552011CB6400C00945DA0 /* Release */ = {
			isa = XCBuildConfiguration;
			buildSettings = {
				ASSETCATALOG_COMPILER_APPICON_NAME = AppIcon;
				INFOPLIST_FILE = Basic/Info.plist;
				LD_RUNPATH_SEARCH_PATHS = "$(inherited) @executable_path/Frameworks";
				PRODUCT_BUNDLE_IDENTIFIER = e.Basic;
				PRODUCT_NAME = "$(TARGET_NAME)";
			};
			name = Release;
		};
/* End XCBuildConfiguration section */

/* Begin XCConfigurationList section */
		10F551E01CB6400C00945DA0 /* Build configuration list for PBXProject "Basic" */ = {
			isa = XCConfigurationList;
			buildConfigurations = (
				10F551FD1CB6400C00945DA0 /* Debug */,
				10F551FE1CB6400C00945DA0 /* Release */,
			);
			defaultConfigurationIsVisible = 0;
			defaultConfigurationName = Release;
		};
		10F551FF1CB6400C00945DA0 /* Build configuration list for PBXNativeTarget "Basic" */ = {
			isa = XCConfigurationList;
			buildConfigurations = (
				10F552001CB6400C00945DA0 /* Debug */,
				10F552011CB6400C00945DA0 /* Release */,
			);
			defaultConfigurationIsVisible = 0;
			defaultConfigurationName = Release;
		};
/* End XCConfigurationList section */

/* Begin XCVersionGroup section */
		10F551F41CB6400C00945DA0 /* Basic.xcdatamodeld */ = {
			isa = XCVersionGroup;
			children = (
				10F551F51CB6400C00945DA0 /* Basic.xcdatamodel */,
			);
			currentVersion = 10F551F51CB6400C00945DA0 /* Basic.xcdatamodel */;
			path = Basic.xcdatamodeld;
			sourceTree = "<group>";
			versionGroupType = wrapper.xcdatamodel;
		};
/* End XCVersionGroup section */
	};
	rootObject = 10F551DD1CB6400C00945DA0 /* Project object */;
}
